// !$*UTF8*$!
{
	archiveVersion = 1;
	classes = {
	};
	objectVersion = 77;
	objects = {

/* Begin PBXBuildFile section */
		3210D6E665CA50B5E047E207 /* TeleprompterView.swift in Sources */ = {isa = PBXBuildFile; fileRef = 74248717359A818AF548966D /* TeleprompterView.swift */; };
		46DD3AC3B3D391CEA70A87F0 /* AppSettings.swift in Sources */ = {isa = PBXBuildFile; fileRef = 168270A7C473824BF8C4DC67 /* AppSettings.swift */; };
		6B4EAE8CD2F58E9B61A67DCB /* SettingsView.swift in Sources */ = {isa = PBXBuildFile; fileRef = 40E2B33A267CE97CBD8E0A5D /* SettingsView.swift */; };
		75108B167DBA2424DC6F0B77 /* CaptureManager.swift in Sources */ = {isa = PBXBuildFile; fileRef = 19EC32AE506BAF587DD32D18 /* CaptureManager.swift */; };
		AEFB0D4877137B8EB8D3594F /* AppDelegate.swift in Sources */ = {isa = PBXBuildFile; fileRef = 68F8DFCD8A2F871B198B7CAF /* AppDelegate.swift */; };
		B1AC5B7F30F0FA31A6430DEE /* ContentView.swift in Sources */ = {isa = PBXBuildFile; fileRef = DF577373C9067FB145F0A4B9 /* ContentView.swift */; };
		C715A30760ED840B77B83C4F /* Assets.xcassets in Resources */ = {isa = PBXBuildFile; fileRef = 8159D4621E7AE872CE627EA3 /* Assets.xcassets */; };
		D248FE6552B0FABF212A704E /* FloatingWindowController.swift in Sources */ = {isa = PBXBuildFile; fileRef = FC159B1452BBF0E51006F11E /* FloatingWindowController.swift */; };
		D292264E056DE27C053250F7 /* CameraPreviewView.swift in Sources */ = {isa = PBXBuildFile; fileRef = FB4CA57C0F8B97538DDC6E33 /* CameraPreviewView.swift */; };
		DD3DF297EADB197B0DAC80DD /* MadcapApp.swift in Sources */ = {isa = PBXBuildFile; fileRef = 696B780A0F6A4CAD88EBDDFB /* MadcapApp.swift */; };
		EECFA35DE0CC919C80F4D8B3 /* StatusBarController.swift in Sources */ = {isa = PBXBuildFile; fileRef = 6068A192B7453B510F9B16EF /* StatusBarController.swift */; };
/* End PBXBuildFile section */

/* Begin PBXFileReference section */
		168270A7C473824BF8C4DC67 /* AppSettings.swift */ = {isa = PBXFileReference; lastKnownFileType = sourcecode.swift; path = AppSettings.swift; sourceTree = "<group>"; };
		19EC32AE506BAF587DD32D18 /* CaptureManager.swift */ = {isa = PBXFileReference; lastKnownFileType = sourcecode.swift; path = CaptureManager.swift; sourceTree = "<group>"; };
		40E2B33A267CE97CBD8E0A5D /* SettingsView.swift */ = {isa = PBXFileReference; lastKnownFileType = sourcecode.swift; path = SettingsView.swift; sourceTree = "<group>"; };
		4D396FAF72ABAEA432F27BDD /* Madcap.app */ = {isa = PBXFileReference; explicitFileType = wrapper.application; includeInIndex = 0; path = Madcap.app; sourceTree = BUILT_PRODUCTS_DIR; };
		6068A192B7453B510F9B16EF /* StatusBarController.swift */ = {isa = PBXFileReference; lastKnownFileType = sourcecode.swift; path = StatusBarController.swift; sourceTree = "<group>"; };
		68F8DFCD8A2F871B198B7CAF /* AppDelegate.swift */ = {isa = PBXFileReference; lastKnownFileType = sourcecode.swift; path = AppDelegate.swift; sourceTree = "<group>"; };
		696B780A0F6A4CAD88EBDDFB /* MadcapApp.swift */ = {isa = PBXFileReference; lastKnownFileType = sourcecode.swift; path = MadcapApp.swift; sourceTree = "<group>"; };
		74248717359A818AF548966D /* TeleprompterView.swift */ = {isa = PBXFileReference; lastKnownFileType = sourcecode.swift; path = TeleprompterView.swift; sourceTree = "<group>"; };
		8159D4621E7AE872CE627EA3 /* Assets.xcassets */ = {isa = PBXFileReference; lastKnownFileType = folder.assetcatalog; path = Assets.xcassets; sourceTree = "<group>"; };
		DF577373C9067FB145F0A4B9 /* ContentView.swift */ = {isa = PBXFileReference; lastKnownFileType = sourcecode.swift; path = ContentView.swift; sourceTree = "<group>"; };
		FB4CA57C0F8B97538DDC6E33 /* CameraPreviewView.swift */ = {isa = PBXFileReference; lastKnownFileType = sourcecode.swift; path = CameraPreviewView.swift; sourceTree = "<group>"; };
		FC159B1452BBF0E51006F11E /* FloatingWindowController.swift */ = {isa = PBXFileReference; lastKnownFileType = sourcecode.swift; path = FloatingWindowController.swift; sourceTree = "<group>"; };
/* End PBXFileReference section */

/* Begin PBXGroup section */
		21B51211DA1F87C61CBAA660 /* Models */ = {
			isa = PBXGroup;
			children = (
				168270A7C473824BF8C4DC67 /* AppSettings.swift */,
			);
			path = Models;
			sourceTree = "<group>";
		};
		2B16C7DA141EB04FA44CDF58 /* App */ = {
			isa = PBXGroup;
			children = (
				68F8DFCD8A2F871B198B7CAF /* AppDelegate.swift */,
				696B780A0F6A4CAD88EBDDFB /* MadcapApp.swift */,
			);
			path = App;
			sourceTree = "<group>";
		};
		C317E6AB273A121E107235CA /* Controllers */ = {
			isa = PBXGroup;
			children = (
				FC159B1452BBF0E51006F11E /* FloatingWindowController.swift */,
				6068A192B7453B510F9B16EF /* StatusBarController.swift */,
			);
			path = Controllers;
			sourceTree = "<group>";
		};
		D6500180083C8EFDBFF451DD = {
			isa = PBXGroup;
			children = (
				8159D4621E7AE872CE627EA3 /* Assets.xcassets */,
				2B16C7DA141EB04FA44CDF58 /* App */,
				FDCEA6A8752FF97144E79ABF /* Capture */,
				C317E6AB273A121E107235CA /* Controllers */,
				21B51211DA1F87C61CBAA660 /* Models */,
				F256D8C6B43BB08A9887B5D7 /* Views */,
				F6EF3413BC17148C9252DF31 /* Products */,
			);
			sourceTree = "<group>";
		};
		F256D8C6B43BB08A9887B5D7 /* Views */ = {
			isa = PBXGroup;
			children = (
				FB4CA57C0F8B97538DDC6E33 /* CameraPreviewView.swift */,
				DF577373C9067FB145F0A4B9 /* ContentView.swift */,
				40E2B33A267CE97CBD8E0A5D /* SettingsView.swift */,
				74248717359A818AF548966D /* TeleprompterView.swift */,
			);
			path = Views;
			sourceTree = "<group>";
		};
		F6EF3413BC17148C9252DF31 /* Products */ = {
			isa = PBXGroup;
			children = (
				4D396FAF72ABAEA432F27BDD /* Madcap.app */,
			);
			name = Products;
			sourceTree = "<group>";
		};
		FDCEA6A8752FF97144E79ABF /* Capture */ = {
			isa = PBXGroup;
			children = (
				19EC32AE506BAF587DD32D18 /* CaptureManager.swift */,
			);
			path = Capture;
			sourceTree = "<group>";
		};
/* End PBXGroup section */

/* Begin PBXNativeTarget section */
		CA3BB84576B7A35E01C033CF /* Madcap */ = {
			isa = PBXNativeTarget;
			buildConfigurationList = CF707A02DDE00CC517FEC754 /* Build configuration list for PBXNativeTarget "Madcap" */;
			buildPhases = (
				E43DCC22C8EB5573F3395F87 /* Sources */,
				E084002078263249B0324CBD /* Resources */,
			);
			buildRules = (
			);
			dependencies = (
			);
			name = Madcap;
			packageProductDependencies = (
			);
			productName = Madcap;
			productReference = 4D396FAF72ABAEA432F27BDD /* Madcap.app */;
			productType = "com.apple.product-type.application";
		};
/* End PBXNativeTarget section */

/* Begin PBXProject section */
		7C83ECC586F3A57F6649475D /* Project object */ = {
			isa = PBXProject;
			attributes = {
				BuildIndependentTargetsInParallel = YES;
				LastUpgradeCheck = 1430;
				TargetAttributes = {
					CA3BB84576B7A35E01C033CF = {
						DevelopmentTeam = "";
						ProvisioningStyle = Automatic;
					};
				};
			};
			buildConfigurationList = 5940DE68A2D4166A20811BC6 /* Build configuration list for PBXProject "Madcap" */;
			developmentRegion = en;
			hasScannedForEncodings = 0;
			knownRegions = (
				Base,
				en,
			);
			mainGroup = D6500180083C8EFDBFF451DD;
			minimizedProjectReferenceProxies = 1;
			preferredProjectObjectVersion = 77;
			productRefGroup = F6EF3413BC17148C9252DF31 /* Products */;
			projectDirPath = "";
			projectRoot = "";
			targets = (
				CA3BB84576B7A35E01C033CF /* Madcap */,
			);
		};
/* End PBXProject section */

/* Begin PBXResourcesBuildPhase section */
		E084002078263249B0324CBD /* Resources */ = {
			isa = PBXResourcesBuildPhase;
			buildActionMask = 2147483647;
			files = (
				C715A30760ED840B77B83C4F /* Assets.xcassets in Resources */,
			);
			runOnlyForDeploymentPostprocessing = 0;
		};
/* End PBXResourcesBuildPhase section */

/* Begin PBXSourcesBuildPhase section */
		E43DCC22C8EB5573F3395F87 /* Sources */ = {
			isa = PBXSourcesBuildPhase;
			buildActionMask = 2147483647;
			files = (
				AEFB0D4877137B8EB8D3594F /* AppDelegate.swift in Sources */,
				46DD3AC3B3D391CEA70A87F0 /* AppSettings.swift in Sources */,
				D292264E056DE27C053250F7 /* CameraPreviewView.swift in Sources */,
				75108B167DBA2424DC6F0B77 /* CaptureManager.swift in Sources */,
				B1AC5B7F30F0FA31A6430DEE /* ContentView.swift in Sources */,
				D248FE6552B0FABF212A704E /* FloatingWindowController.swift in Sources */,
				DD3DF297EADB197B0DAC80DD /* MadcapApp.swift in Sources */,
				6B4EAE8CD2F58E9B61A67DCB /* SettingsView.swift in Sources */,
				EECFA35DE0CC919C80F4D8B3 /* StatusBarController.swift in Sources */,
				3210D6E665CA50B5E047E207 /* TeleprompterView.swift in Sources */,
			);
			runOnlyForDeploymentPostprocessing = 0;
		};
/* End PBXSourcesBuildPhase section */

/* Begin XCBuildConfiguration section */
		9316253647DB20FC7CECC3CE /* Debug */ = {
			isa = XCBuildConfiguration;
			buildSettings = {
				ASSETCATALOG_COMPILER_APPICON_NAME = AppIcon;
				ASSETCATALOG_COMPILER_GLOBAL_ACCENT_COLOR_NAME = AccentColor;
				CODE_SIGN_ENTITLEMENTS = Madcap.entitlements;
				CODE_SIGN_STYLE = Automatic;
				COMBINE_HIDPI_IMAGES = YES;
				CURRENT_PROJECT_VERSION = 1;
				DEVELOPMENT_TEAM = "";
				ENABLE_HARDENED_RUNTIME = YES;
				INFOPLIST_FILE = Info.plist;
				LD_RUNPATH_SEARCH_PATHS = (
					"$(inherited)",
					"@executable_path/../Frameworks",
				);
				MACOSX_DEPLOYMENT_TARGET = 14.0;
				MARKETING_VERSION = 0.1.0;
				PRODUCT_BUNDLE_IDENTIFIER = com.sfegette.madcap;
				SDKROOT = macosx;
				SWIFT_VERSION = 5;
			};
			name = Debug;
		};
		A42EEBAD79AFFA98B8C221E9 /* Debug */ = {
			isa = XCBuildConfiguration;
			buildSettings = {
				ALWAYS_SEARCH_USER_PATHS = NO;
				CLANG_ANALYZER_NONNULL = YES;
				CLANG_ANALYZER_NUMBER_OBJECT_CONVERSION = YES_AGGRESSIVE;
				CLANG_CXX_LANGUAGE_STANDARD = "gnu++14";
				CLANG_CXX_LIBRARY = "libc++";
				CLANG_ENABLE_MODULES = YES;
				CLANG_ENABLE_OBJC_ARC = YES;
				CLANG_ENABLE_OBJC_WEAK = YES;
				CLANG_WARN_BLOCK_CAPTURE_AUTORELEASING = YES;
				CLANG_WARN_BOOL_CONVERSION = YES;
				CLANG_WARN_COMMA = YES;
				CLANG_WARN_CONSTANT_CONVERSION = YES;
				CLANG_WARN_DEPRECATED_OBJC_IMPLEMENTATIONS = YES;
				CLANG_WARN_DIRECT_OBJC_ISA_USAGE = YES_ERROR;
				CLANG_WARN_DOCUMENTATION_COMMENTS = YES;
				CLANG_WARN_EMPTY_BODY = YES;
				CLANG_WARN_ENUM_CONVERSION = YES;
				CLANG_WARN_INFINITE_RECURSION = YES;
				CLANG_WARN_INT_CONVERSION = YES;
				CLANG_WARN_NON_LITERAL_NULL_CONVERSION = YES;
				CLANG_WARN_OBJC_IMPLICIT_RETAIN_SELF = YES;
				CLANG_WARN_OBJC_LITERAL_CONVERSION = YES;
				CLANG_WARN_OBJC_ROOT_CLASS = YES_ERROR;
				CLANG_WARN_QUOTED_INCLUDE_IN_FRAMEWORK_HEADER = YES;
				CLANG_WARN_RANGE_LOOP_ANALYSIS = YES;
				CLANG_WARN_STRICT_PROTOTYPES = YES;
				CLANG_WARN_SUSPICIOUS_MOVE = YES;
				CLANG_WARN_UNGUARDED_AVAILABILITY = YES_AGGRESSIVE;
				CLANG_WARN_UNREACHABLE_CODE = YES;
				CLANG_WARN__DUPLICATE_METHOD_MATCH = YES;
				COPY_PHASE_STRIP = NO;
				DEBUG_INFORMATION_FORMAT = dwarf;
				ENABLE_STRICT_OBJC_MSGSEND = YES;
				ENABLE_TESTABILITY = YES;
				GCC_C_LANGUAGE_STANDARD = gnu11;
				GCC_DYNAMIC_NO_PIC = NO;
				GCC_NO_COMMON_BLOCKS = YES;
				GCC_OPTIMIZATION_LEVEL = 0;
				GCC_PREPROCESSOR_DEFINITIONS = (
					"$(inherited)",
					"DEBUG=1",
				);
				GCC_WARN_64_TO_32_BIT_CONVERSION = YES;
				GCC_WARN_ABOUT_RETURN_TYPE = YES_ERROR;
				GCC_WARN_UNDECLARED_SELECTOR = YES;
				GCC_WARN_UNINITIALIZED_AUTOS = YES_AGGRESSIVE;
				GCC_WARN_UNUSED_FUNCTION = YES;
				GCC_WARN_UNUSED_VARIABLE = YES;
				MACOSX_DEPLOYMENT_TARGET = 14.0;
				MTL_ENABLE_DEBUG_INFO = INCLUDE_SOURCE;
				MTL_FAST_MATH = YES;
				ONLY_ACTIVE_ARCH = YES;
				PRODUCT_NAME = "$(TARGET_NAME)";
				SDKROOT = macosx;
				SWIFT_ACTIVE_COMPILATION_CONDITIONS = DEBUG;
				SWIFT_OPTIMIZATION_LEVEL = "-Onone";
				SWIFT_VERSION = 5.0;
			};
			name = Debug;
		};
		AF13CE4D8B8E06046F9AF08B /* Release */ = {
			isa = XCBuildConfiguration;
			buildSettings = {
				ALWAYS_SEARCH_USER_PATHS = NO;
				CLANG_ANALYZER_NONNULL = YES;
				CLANG_ANALYZER_NUMBER_OBJECT_CONVERSION = YES_AGGRESSIVE;
				CLANG_CXX_LANGUAGE_STANDARD = "gnu++14";
				CLANG_CXX_LIBRARY = "libc++";
				CLANG_ENABLE_MODULES = YES;
				CLANG_ENABLE_OBJC_ARC = YES;
				CLANG_ENABLE_OBJC_WEAK = YES;
				CLANG_WARN_BLOCK_CAPTURE_AUTORELEASING = YES;
				CLANG_WARN_BOOL_CONVERSION = YES;
				CLANG_WARN_COMMA = YES;
				CLANG_WARN_CONSTANT_CONVERSION = YES;
				CLANG_WARN_DEPRECATED_OBJC_IMPLEMENTATIONS = YES;
				CLANG_WARN_DIRECT_OBJC_ISA_USAGE = YES_ERROR;
				CLANG_WARN_DOCUMENTATION_COMMENTS = YES;
				CLANG_WARN_EMPTY_BODY = YES;
				CLANG_WARN_ENUM_CONVERSION = YES;
				CLANG_WARN_INFINITE_RECURSION = YES;
				CLANG_WARN_INT_CONVERSION = YES;
				CLANG_WARN_NON_LITERAL_NULL_CONVERSION = YES;
				CLANG_WARN_OBJC_IMPLICIT_RETAIN_SELF = YES;
				CLANG_WARN_OBJC_LITERAL_CONVERSION = YES;
				CLANG_WARN_OBJC_ROOT_CLASS = YES_ERROR;
				CLANG_WARN_QUOTED_INCLUDE_IN_FRAMEWORK_HEADER = YES;
				CLANG_WARN_RANGE_LOOP_ANALYSIS = YES;
				CLANG_WARN_STRICT_PROTOTYPES = YES;
				CLANG_WARN_SUSPICIOUS_MOVE = YES;
				CLANG_WARN_UNGUARDED_AVAILABILITY = YES_AGGRESSIVE;
				CLANG_WARN_UNREACHABLE_CODE = YES;
				CLANG_WARN__DUPLICATE_METHOD_MATCH = YES;
				COPY_PHASE_STRIP = NO;
				DEBUG_INFORMATION_FORMAT = "dwarf-with-dsym";
				ENABLE_NS_ASSERTIONS = NO;
				ENABLE_STRICT_OBJC_MSGSEND = YES;
				GCC_C_LANGUAGE_STANDARD = gnu11;
				GCC_NO_COMMON_BLOCKS = YES;
				GCC_WARN_64_TO_32_BIT_CONVERSION = YES;
				GCC_WARN_ABOUT_RETURN_TYPE = YES_ERROR;
				GCC_WARN_UNDECLARED_SELECTOR = YES;
				GCC_WARN_UNINITIALIZED_AUTOS = YES_AGGRESSIVE;
				GCC_WARN_UNUSED_FUNCTION = YES;
				GCC_WARN_UNUSED_VARIABLE = YES;
				MACOSX_DEPLOYMENT_TARGET = 14.0;
				MTL_ENABLE_DEBUG_INFO = NO;
				MTL_FAST_MATH = YES;
				PRODUCT_NAME = "$(TARGET_NAME)";
				SDKROOT = macosx;
				SWIFT_COMPILATION_MODE = wholemodule;
				SWIFT_OPTIMIZATION_LEVEL = "-O";
				SWIFT_VERSION = 5.0;
			};
			name = Release;
		};
		FC7FBE967C157585CC81DCE1 /* Release */ = {
			isa = XCBuildConfiguration;
			buildSettings = {
				ASSETCATALOG_COMPILER_APPICON_NAME = AppIcon;
				ASSETCATALOG_COMPILER_GLOBAL_ACCENT_COLOR_NAME = AccentColor;
				CODE_SIGN_ENTITLEMENTS = Madcap.entitlements;
				CODE_SIGN_STYLE = Automatic;
				COMBINE_HIDPI_IMAGES = YES;
				CURRENT_PROJECT_VERSION = 1;
				DEVELOPMENT_TEAM = "";
				ENABLE_HARDENED_RUNTIME = YES;
				INFOPLIST_FILE = Info.plist;
				LD_RUNPATH_SEARCH_PATHS = (
					"$(inherited)",
					"@executable_path/../Frameworks",
				);
				MACOSX_DEPLOYMENT_TARGET = 14.0;
				MARKETING_VERSION = 0.1.0;
				PRODUCT_BUNDLE_IDENTIFIER = com.sfegette.madcap;
				SDKROOT = macosx;
				SWIFT_VERSION = 5;
			};
			name = Release;
		};
/* End XCBuildConfiguration section */

/* Begin XCConfigurationList section */
		5940DE68A2D4166A20811BC6 /* Build configuration list for PBXProject "Madcap" */ = {
			isa = XCConfigurationList;
			buildConfigurations = (
				A42EEBAD79AFFA98B8C221E9 /* Debug */,
				AF13CE4D8B8E06046F9AF08B /* Release */,
			);
			defaultConfigurationIsVisible = 0;
			defaultConfigurationName = Debug;
		};
		CF707A02DDE00CC517FEC754 /* Build configuration list for PBXNativeTarget "Madcap" */ = {
			isa = XCConfigurationList;
			buildConfigurations = (
				9316253647DB20FC7CECC3CE /* Debug */,
				FC7FBE967C157585CC81DCE1 /* Release */,
			);
			defaultConfigurationIsVisible = 0;
			defaultConfigurationName = Debug;
		};
/* End XCConfigurationList section */
	};
	rootObject = 7C83ECC586F3A57F6649475D /* Project object */;
}
